// !$*UTF8*$!
{
	archiveVersion = 1;
	classes = {
	};
	objectVersion = 56;
	objects = {

/* Begin PBXBuildFile section */
		C2905D8229D1F816009462AF /* TabBarController.swift in Sources */ = {isa = PBXBuildFile; fileRef = C2905D8129D1F816009462AF /* TabBarController.swift */; };
		C2905D8429D1F923009462AF /* NestedVC.swift in Sources */ = {isa = PBXBuildFile; fileRef = C2905D8329D1F923009462AF /* NestedVC.swift */; };
		C2905D8629D1F970009462AF /* TwoEqualWidthVC.swift in Sources */ = {isa = PBXBuildFile; fileRef = C2905D8529D1F970009462AF /* TwoEqualWidthVC.swift */; };
		C2905D8829D1F9D6009462AF /* DynamicHeightColumnsVC.swift in Sources */ = {isa = PBXBuildFile; fileRef = C2905D8729D1F9D6009462AF /* DynamicHeightColumnsVC.swift */; };
		C2905D8A29D1FA0B009462AF /* ThreeEqualWidthButtonsVC.swift in Sources */ = {isa = PBXBuildFile; fileRef = C2905D8929D1FA0B009462AF /* ThreeEqualWidthButtonsVC.swift */; };
		C2C8EB9729D1DA2A00B854E9 /* AppDelegate.swift in Sources */ = {isa = PBXBuildFile; fileRef = C2C8EB9629D1DA2A00B854E9 /* AppDelegate.swift */; };
		C2C8EB9929D1DA2A00B854E9 /* SceneDelegate.swift in Sources */ = {isa = PBXBuildFile; fileRef = C2C8EB9829D1DA2A00B854E9 /* SceneDelegate.swift */; };
		C2C8EB9B29D1DA2A00B854E9 /* SimpleVC.swift in Sources */ = {isa = PBXBuildFile; fileRef = C2C8EB9A29D1DA2A00B854E9 /* SimpleVC.swift */; };
		C2C8EBA029D1DA2B00B854E9 /* Assets.xcassets in Resources */ = {isa = PBXBuildFile; fileRef = C2C8EB9F29D1DA2B00B854E9 /* Assets.xcassets */; };
		C2C8EBA329D1DA2B00B854E9 /* LaunchScreen.storyboard in Resources */ = {isa = PBXBuildFile; fileRef = C2C8EBA129D1DA2B00B854E9 /* LaunchScreen.storyboard */; };
		ECCB278D551147F447910F75 /* Pods_OneLabHomwork1.framework in Frameworks */ = {isa = PBXBuildFile; fileRef = 6EB77CFB827916ED6CDA446A /* Pods_OneLabHomwork1.framework */; };
/* End PBXBuildFile section */

/* Begin PBXFileReference section */
		19AE40AE2A3343030FDAD3D4 /* Pods-OneLabHomwork1.release.xcconfig */ = {isa = PBXFileReference; includeInIndex = 1; lastKnownFileType = text.xcconfig; name = "Pods-OneLabHomwork1.release.xcconfig"; path = "Target Support Files/Pods-OneLabHomwork1/Pods-OneLabHomwork1.release.xcconfig"; sourceTree = "<group>"; };
		4BBD6278BEF3D9F4BA43F879 /* Pods-OneLabHomwork1.debug.xcconfig */ = {isa = PBXFileReference; includeInIndex = 1; lastKnownFileType = text.xcconfig; name = "Pods-OneLabHomwork1.debug.xcconfig"; path = "Target Support Files/Pods-OneLabHomwork1/Pods-OneLabHomwork1.debug.xcconfig"; sourceTree = "<group>"; };
		6EB77CFB827916ED6CDA446A /* Pods_OneLabHomwork1.framework */ = {isa = PBXFileReference; explicitFileType = wrapper.framework; includeInIndex = 0; path = Pods_OneLabHomwork1.framework; sourceTree = BUILT_PRODUCTS_DIR; };
		C2905D8129D1F816009462AF /* TabBarController.swift */ = {isa = PBXFileReference; lastKnownFileType = sourcecode.swift; path = TabBarController.swift; sourceTree = "<group>"; };
		C2905D8329D1F923009462AF /* NestedVC.swift */ = {isa = PBXFileReference; lastKnownFileType = sourcecode.swift; path = NestedVC.swift; sourceTree = "<group>"; };
		C2905D8529D1F970009462AF /* TwoEqualWidthVC.swift */ = {isa = PBXFileReference; lastKnownFileType = sourcecode.swift; path = TwoEqualWidthVC.swift; sourceTree = "<group>"; };
		C2905D8729D1F9D6009462AF /* DynamicHeightColumnsVC.swift */ = {isa = PBXFileReference; lastKnownFileType = sourcecode.swift; path = DynamicHeightColumnsVC.swift; sourceTree = "<group>"; };
		C2905D8929D1FA0B009462AF /* ThreeEqualWidthButtonsVC.swift */ = {isa = PBXFileReference; lastKnownFileType = sourcecode.swift; path = ThreeEqualWidthButtonsVC.swift; sourceTree = "<group>"; };
		C2C8EB9329D1DA2A00B854E9 /* OneLabHomwork1.app */ = {isa = PBXFileReference; explicitFileType = wrapper.application; includeInIndex = 0; path = OneLabHomwork1.app; sourceTree = BUILT_PRODUCTS_DIR; };
		C2C8EB9629D1DA2A00B854E9 /* AppDelegate.swift */ = {isa = PBXFileReference; lastKnownFileType = sourcecode.swift; path = AppDelegate.swift; sourceTree = "<group>"; };
		C2C8EB9829D1DA2A00B854E9 /* SceneDelegate.swift */ = {isa = PBXFileReference; lastKnownFileType = sourcecode.swift; path = SceneDelegate.swift; sourceTree = "<group>"; };
		C2C8EB9A29D1DA2A00B854E9 /* SimpleVC.swift */ = {isa = PBXFileReference; lastKnownFileType = sourcecode.swift; path = SimpleVC.swift; sourceTree = "<group>"; };
		C2C8EB9F29D1DA2B00B854E9 /* Assets.xcassets */ = {isa = PBXFileReference; lastKnownFileType = folder.assetcatalog; path = Assets.xcassets; sourceTree = "<group>"; };
		C2C8EBA229D1DA2B00B854E9 /* Base */ = {isa = PBXFileReference; lastKnownFileType = file.storyboard; name = Base; path = Base.lproj/LaunchScreen.storyboard; sourceTree = "<group>"; };
		C2C8EBA429D1DA2B00B854E9 /* Info.plist */ = {isa = PBXFileReference; lastKnownFileType = text.plist.xml; path = Info.plist; sourceTree = "<group>"; };
/* End PBXFileReference section */

/* Begin PBXFrameworksBuildPhase section */
		C2C8EB9029D1DA2A00B854E9 /* Frameworks */ = {
			isa = PBXFrameworksBuildPhase;
			buildActionMask = 2147483647;
			files = (
				ECCB278D551147F447910F75 /* Pods_OneLabHomwork1.framework in Frameworks */,
			);
			runOnlyForDeploymentPostprocessing = 0;
		};
/* End PBXFrameworksBuildPhase section */

/* Begin PBXGroup section */
		C1043E4D2933FDBC0DA56C7B /* Pods */ = {
			isa = PBXGroup;
			children = (
				4BBD6278BEF3D9F4BA43F879 /* Pods-OneLabHomwork1.debug.xcconfig */,
				19AE40AE2A3343030FDAD3D4 /* Pods-OneLabHomwork1.release.xcconfig */,
			);
			path = Pods;
			sourceTree = "<group>";
		};
		C2905D7C29D1F6AB009462AF /* Controllers */ = {
			isa = PBXGroup;
			children = (
				C2905D8129D1F816009462AF /* TabBarController.swift */,
				C2C8EB9A29D1DA2A00B854E9 /* SimpleVC.swift */,
				C2905D8329D1F923009462AF /* NestedVC.swift */,
				C2905D8729D1F9D6009462AF /* DynamicHeightColumnsVC.swift */,
				C2905D8529D1F970009462AF /* TwoEqualWidthVC.swift */,
				C2905D8929D1FA0B009462AF /* ThreeEqualWidthButtonsVC.swift */,
			);
			path = Controllers;
			sourceTree = "<group>";
		};
		C2905D7E29D1F6E5009462AF /* Resources */ = {
			isa = PBXGroup;
			children = (
				C2C8EB9629D1DA2A00B854E9 /* AppDelegate.swift */,
				C2C8EB9829D1DA2A00B854E9 /* SceneDelegate.swift */,
				C2C8EB9F29D1DA2B00B854E9 /* Assets.xcassets */,
				C2C8EBA129D1DA2B00B854E9 /* LaunchScreen.storyboard */,
			);
			path = Resources;
			sourceTree = "<group>";
		};
		C2C8EB8A29D1DA2A00B854E9 = {
			isa = PBXGroup;
			children = (
				C2C8EB9529D1DA2A00B854E9 /* OneLabHomwork1 */,
				C2C8EB9429D1DA2A00B854E9 /* Products */,
				C1043E4D2933FDBC0DA56C7B /* Pods */,
				FC3966723E0FFCA022988B77 /* Frameworks */,
			);
			sourceTree = "<group>";
		};
		C2C8EB9429D1DA2A00B854E9 /* Products */ = {
			isa = PBXGroup;
			children = (
				C2C8EB9329D1DA2A00B854E9 /* OneLabHomwork1.app */,
			);
			name = Products;
			sourceTree = "<group>";
		};
		C2C8EB9529D1DA2A00B854E9 /* OneLabHomwork1 */ = {
			isa = PBXGroup;
			children = (
				C2905D7E29D1F6E5009462AF /* Resources */,
				C2905D7C29D1F6AB009462AF /* Controllers */,
				C2C8EBA429D1DA2B00B854E9 /* Info.plist */,
			);
			path = OneLabHomwork1;
			sourceTree = "<group>";
		};
		FC3966723E0FFCA022988B77 /* Frameworks */ = {
			isa = PBXGroup;
			children = (
				6EB77CFB827916ED6CDA446A /* Pods_OneLabHomwork1.framework */,
			);
			name = Frameworks;
			sourceTree = "<group>";
		};
/* End PBXGroup section */

/* Begin PBXNativeTarget section */
		C2C8EB9229D1DA2A00B854E9 /* OneLabHomwork1 */ = {
			isa = PBXNativeTarget;
			buildConfigurationList = C2C8EBA729D1DA2B00B854E9 /* Build configuration list for PBXNativeTarget "OneLabHomwork1" */;
			buildPhases = (
				8209DE27A4DF77A675916C5A /* [CP] Check Pods Manifest.lock */,
				C2C8EB8F29D1DA2A00B854E9 /* Sources */,
				C2C8EB9029D1DA2A00B854E9 /* Frameworks */,
				C2C8EB9129D1DA2A00B854E9 /* Resources */,
				8228DEF9F1D937D01EC29DEB /* [CP] Embed Pods Frameworks */,
			);
			buildRules = (
			);
			dependencies = (
			);
			name = OneLabHomwork1;
			productName = OneLabHomwork1;
			productReference = C2C8EB9329D1DA2A00B854E9 /* OneLabHomwork1.app */;
			productType = "com.apple.product-type.application";
		};
/* End PBXNativeTarget section */

/* Begin PBXProject section */
		C2C8EB8B29D1DA2A00B854E9 /* Project object */ = {
			isa = PBXProject;
			attributes = {
				BuildIndependentTargetsInParallel = 1;
				LastSwiftUpdateCheck = 1420;
				LastUpgradeCheck = 1420;
				TargetAttributes = {
					C2C8EB9229D1DA2A00B854E9 = {
						CreatedOnToolsVersion = 14.2;
					};
				};
			};
			buildConfigurationList = C2C8EB8E29D1DA2A00B854E9 /* Build configuration list for PBXProject "OneLabHomwork1" */;
			compatibilityVersion = "Xcode 14.0";
			developmentRegion = en;
			hasScannedForEncodings = 0;
			knownRegions = (
				en,
				Base,
			);
			mainGroup = C2C8EB8A29D1DA2A00B854E9;
			productRefGroup = C2C8EB9429D1DA2A00B854E9 /* Products */;
			projectDirPath = "";
			projectRoot = "";
			targets = (
				C2C8EB9229D1DA2A00B854E9 /* OneLabHomwork1 */,
			);
		};
/* End PBXProject section */

/* Begin PBXResourcesBuildPhase section */
		C2C8EB9129D1DA2A00B854E9 /* Resources */ = {
			isa = PBXResourcesBuildPhase;
			buildActionMask = 2147483647;
			files = (
				C2C8EBA329D1DA2B00B854E9 /* LaunchScreen.storyboard in Resources */,
				C2C8EBA029D1DA2B00B854E9 /* Assets.xcassets in Resources */,
			);
			runOnlyForDeploymentPostprocessing = 0;
		};
/* End PBXResourcesBuildPhase section */

/* Begin PBXShellScriptBuildPhase section */
		8209DE27A4DF77A675916C5A /* [CP] Check Pods Manifest.lock */ = {
			isa = PBXShellScriptBuildPhase;
			buildActionMask = 2147483647;
			files = (
			);
			inputFileListPaths = (
			);
			inputPaths = (
				"${PODS_PODFILE_DIR_PATH}/Podfile.lock",
				"${PODS_ROOT}/Manifest.lock",
			);
			name = "[CP] Check Pods Manifest.lock";
			outputFileListPaths = (
			);
			outputPaths = (
				"$(DERIVED_FILE_DIR)/Pods-OneLabHomwork1-checkManifestLockResult.txt",
			);
			runOnlyForDeploymentPostprocessing = 0;
			shellPath = /bin/sh;
			shellScript = "diff \"${PODS_PODFILE_DIR_PATH}/Podfile.lock\" \"${PODS_ROOT}/Manifest.lock\" > /dev/null\nif [ $? != 0 ] ; then\n    # print error to STDERR\n    echo \"error: The sandbox is not in sync with the Podfile.lock. Run 'pod install' or update your CocoaPods installation.\" >&2\n    exit 1\nfi\n# This output is used by Xcode 'outputs' to avoid re-running this script phase.\necho \"SUCCESS\" > \"${SCRIPT_OUTPUT_FILE_0}\"\n";
			showEnvVarsInLog = 0;
		};
		8228DEF9F1D937D01EC29DEB /* [CP] Embed Pods Frameworks */ = {
			isa = PBXShellScriptBuildPhase;
			buildActionMask = 2147483647;
			files = (
			);
			inputFileListPaths = (
				"${PODS_ROOT}/Target Support Files/Pods-OneLabHomwork1/Pods-OneLabHomwork1-frameworks-${CONFIGURATION}-input-files.xcfilelist",
			);
			name = "[CP] Embed Pods Frameworks";
			outputFileListPaths = (
				"${PODS_ROOT}/Target Support Files/Pods-OneLabHomwork1/Pods-OneLabHomwork1-frameworks-${CONFIGURATION}-output-files.xcfilelist",
			);
			runOnlyForDeploymentPostprocessing = 0;
			shellPath = /bin/sh;
			shellScript = "\"${PODS_ROOT}/Target Support Files/Pods-OneLabHomwork1/Pods-OneLabHomwork1-frameworks.sh\"\n";
			showEnvVarsInLog = 0;
		};
/* End PBXShellScriptBuildPhase section */

/* Begin PBXSourcesBuildPhase section */
		C2C8EB8F29D1DA2A00B854E9 /* Sources */ = {
			isa = PBXSourcesBuildPhase;
			buildActionMask = 2147483647;
			files = (
				C2905D8229D1F816009462AF /* TabBarController.swift in Sources */,
				C2905D8A29D1FA0B009462AF /* ThreeEqualWidthButtonsVC.swift in Sources */,
				C2905D8429D1F923009462AF /* NestedVC.swift in Sources */,
				C2C8EB9B29D1DA2A00B854E9 /* SimpleVC.swift in Sources */,
				C2C8EB9729D1DA2A00B854E9 /* AppDelegate.swift in Sources */,
				C2C8EB9929D1DA2A00B854E9 /* SceneDelegate.swift in Sources */,
				C2905D8829D1F9D6009462AF /* DynamicHeightColumnsVC.swift in Sources */,
				C2905D8629D1F970009462AF /* TwoEqualWidthVC.swift in Sources */,
			);
			runOnlyForDeploymentPostprocessing = 0;
		};
/* End PBXSourcesBuildPhase section */

/* Begin PBXVariantGroup section */
		C2C8EBA129D1DA2B00B854E9 /* LaunchScreen.storyboard */ = {
			isa = PBXVariantGroup;
			children = (
				C2C8EBA229D1DA2B00B854E9 /* Base */,
			);
			name = LaunchScreen.storyboard;
			sourceTree = "<group>";
		};
/* End PBXVariantGroup section */

/* Begin XCBuildConfiguration section */
		C2C8EBA529D1DA2B00B854E9 /* Debug */ = {
			isa = XCBuildConfiguration;
			buildSettings = {
				ALWAYS_SEARCH_USER_PATHS = NO;
				CLANG_ANALYZER_NONNULL = YES;
				CLANG_ANALYZER_NUMBER_OBJECT_CONVERSION = YES_AGGRESSIVE;
				CLANG_CXX_LANGUAGE_STANDARD = "gnu++20";
				CLANG_ENABLE_MODULES = YES;
				CLANG_ENABLE_OBJC_ARC = YES;
				CLANG_ENABLE_OBJC_WEAK = YES;
				CLANG_WARN_BLOCK_CAPTURE_AUTORELEASING = YES;
				CLANG_WARN_BOOL_CONVERSION = YES;
				CLANG_WARN_COMMA = YES;
				CLANG_WARN_CONSTANT_CONVERSION = YES;
				CLANG_WARN_DEPRECATED_OBJC_IMPLEMENTATIONS = YES;
				CLANG_WARN_DIRECT_OBJC_ISA_USAGE = YES_ERROR;
				CLANG_WARN_DOCUMENTATION_COMMENTS = YES;
				CLANG_WARN_EMPTY_BODY = YES;
				CLANG_WARN_ENUM_CONVERSION = YES;
				CLANG_WARN_INFINITE_RECURSION = YES;
				CLANG_WARN_INT_CONVERSION = YES;
				CLANG_WARN_NON_LITERAL_NULL_CONVERSION = YES;
				CLANG_WARN_OBJC_IMPLICIT_RETAIN_SELF = YES;
				CLANG_WARN_OBJC_LITERAL_CONVERSION = YES;
				CLANG_WARN_OBJC_ROOT_CLASS = YES_ERROR;
				CLANG_WARN_QUOTED_INCLUDE_IN_FRAMEWORK_HEADER = YES;
				CLANG_WARN_RANGE_LOOP_ANALYSIS = YES;
				CLANG_WARN_STRICT_PROTOTYPES = YES;
				CLANG_WARN_SUSPICIOUS_MOVE = YES;
				CLANG_WARN_UNGUARDED_AVAILABILITY = YES_AGGRESSIVE;
				CLANG_WARN_UNREACHABLE_CODE = YES;
				CLANG_WARN__DUPLICATE_METHOD_MATCH = YES;
				COPY_PHASE_STRIP = NO;
				DEBUG_INFORMATION_FORMAT = dwarf;
				ENABLE_STRICT_OBJC_MSGSEND = YES;
				ENABLE_TESTABILITY = YES;
				GCC_C_LANGUAGE_STANDARD = gnu11;
				GCC_DYNAMIC_NO_PIC = NO;
				GCC_NO_COMMON_BLOCKS = YES;
				GCC_OPTIMIZATION_LEVEL = 0;
				GCC_PREPROCESSOR_DEFINITIONS = (
					"DEBUG=1",
					"$(inherited)",
				);
				GCC_WARN_64_TO_32_BIT_CONVERSION = YES;
				GCC_WARN_ABOUT_RETURN_TYPE = YES_ERROR;
				GCC_WARN_UNDECLARED_SELECTOR = YES;
				GCC_WARN_UNINITIALIZED_AUTOS = YES_AGGRESSIVE;
				GCC_WARN_UNUSED_FUNCTION = YES;
				GCC_WARN_UNUSED_VARIABLE = YES;
				IPHONEOS_DEPLOYMENT_TARGET = 16.2;
				MTL_ENABLE_DEBUG_INFO = INCLUDE_SOURCE;
				MTL_FAST_MATH = YES;
				ONLY_ACTIVE_ARCH = YES;
				SDKROOT = iphoneos;
				SWIFT_ACTIVE_COMPILATION_CONDITIONS = DEBUG;
				SWIFT_OPTIMIZATION_LEVEL = "-Onone";
			};
			name = Debug;
		};
		C2C8EBA629D1DA2B00B854E9 /* Release */ = {
			isa = XCBuildConfiguration;
			buildSettings = {
				ALWAYS_SEARCH_USER_PATHS = NO;
				CLANG_ANALYZER_NONNULL = YES;
				CLANG_ANALYZER_NUMBER_OBJECT_CONVERSION = YES_AGGRESSIVE;
				CLANG_CXX_LANGUAGE_STANDARD = "gnu++20";
				CLANG_ENABLE_MODULES = YES;
				CLANG_ENABLE_OBJC_ARC = YES;
				CLANG_ENABLE_OBJC_WEAK = YES;
				CLANG_WARN_BLOCK_CAPTURE_AUTORELEASING = YES;
				CLANG_WARN_BOOL_CONVERSION = YES;
				CLANG_WARN_COMMA = YES;
				CLANG_WARN_CONSTANT_CONVERSION = YES;
				CLANG_WARN_DEPRECATED_OBJC_IMPLEMENTATIONS = YES;
				CLANG_WARN_DIRECT_OBJC_ISA_USAGE = YES_ERROR;
				CLANG_WARN_DOCUMENTATION_COMMENTS = YES;
				CLANG_WARN_EMPTY_BODY = YES;
				CLANG_WARN_ENUM_CONVERSION = YES;
				CLANG_WARN_INFINITE_RECURSION = YES;
				CLANG_WARN_INT_CONVERSION = YES;
				CLANG_WARN_NON_LITERAL_NULL_CONVERSION = YES;
				CLANG_WARN_OBJC_IMPLICIT_RETAIN_SELF = YES;
				CLANG_WARN_OBJC_LITERAL_CONVERSION = YES;
				CLANG_WARN_OBJC_ROOT_CLASS = YES_ERROR;
				CLANG_WARN_QUOTED_INCLUDE_IN_FRAMEWORK_HEADER = YES;
				CLANG_WARN_RANGE_LOOP_ANALYSIS = YES;
				CLANG_WARN_STRICT_PROTOTYPES = YES;
				CLANG_WARN_SUSPICIOUS_MOVE = YES;
				CLANG_WARN_UNGUARDED_AVAILABILITY = YES_AGGRESSIVE;
				CLANG_WARN_UNREACHABLE_CODE = YES;
				CLANG_WARN__DUPLICATE_METHOD_MATCH = YES;
				COPY_PHASE_STRIP = NO;
				DEBUG_INFORMATION_FORMAT = "dwarf-with-dsym";
				ENABLE_NS_ASSERTIONS = NO;
				ENABLE_STRICT_OBJC_MSGSEND = YES;
				GCC_C_LANGUAGE_STANDARD = gnu11;
				GCC_NO_COMMON_BLOCKS = YES;
				GCC_WARN_64_TO_32_BIT_CONVERSION = YES;
				GCC_WARN_ABOUT_RETURN_TYPE = YES_ERROR;
				GCC_WARN_UNDECLARED_SELECTOR = YES;
				GCC_WARN_UNINITIALIZED_AUTOS = YES_AGGRESSIVE;
				GCC_WARN_UNUSED_FUNCTION = YES;
				GCC_WARN_UNUSED_VARIABLE = YES;
				IPHONEOS_DEPLOYMENT_TARGET = 16.2;
				MTL_ENABLE_DEBUG_INFO = NO;
				MTL_FAST_MATH = YES;
				SDKROOT = iphoneos;
				SWIFT_COMPILATION_MODE = wholemodule;
				SWIFT_OPTIMIZATION_LEVEL = "-O";
				VALIDATE_PRODUCT = YES;
			};
			name = Release;
		};
		C2C8EBA829D1DA2B00B854E9 /* Debug */ = {
			isa = XCBuildConfiguration;
			baseConfigurationReference = 4BBD6278BEF3D9F4BA43F879 /* Pods-OneLabHomwork1.debug.xcconfig */;
			buildSettings = {
				ASSETCATALOG_COMPILER_APPICON_NAME = AppIcon;
				ASSETCATALOG_COMPILER_GLOBAL_ACCENT_COLOR_NAME = AccentColor;
				CODE_SIGN_STYLE = Automatic;
				CURRENT_PROJECT_VERSION = 1;
				DEVELOPMENT_TEAM = CXGC55X5LB;
				GENERATE_INFOPLIST_FILE = YES;
				INFOPLIST_FILE = OneLabHomwork1/Info.plist;
				INFOPLIST_KEY_UIApplicationSupportsIndirectInputEvents = YES;
				INFOPLIST_KEY_UILaunchStoryboardName = LaunchScreen;
				INFOPLIST_KEY_UISupportedInterfaceOrientations_iPad = "UIInterfaceOrientationPortrait UIInterfaceOrientationPortraitUpsideDown UIInterfaceOrientationLandscapeLeft UIInterfaceOrientationLandscapeRight";
				INFOPLIST_KEY_UISupportedInterfaceOrientations_iPhone = "UIInterfaceOrientationPortrait UIInterfaceOrientationLandscapeLeft UIInterfaceOrientationLandscapeRight";
				LD_RUNPATH_SEARCH_PATHS = (
					"$(inherited)",
					"@executable_path/Frameworks",
				);
				MARKETING_VERSION = 1.0;
				PRODUCT_BUNDLE_IDENTIFIER = com.nurgazyshyrynkhan.OneLabHomwork1;
				PRODUCT_NAME = "$(TARGET_NAME)";
				SWIFT_EMIT_LOC_STRINGS = YES;
				SWIFT_VERSION = 5.0;
				TARGETED_DEVICE_FAMILY = "1,2";
			};
			name = Debug;
		};
		C2C8EBA929D1DA2B00B854E9 /* Release */ = {
			isa = XCBuildConfiguration;
			baseConfigurationReference = 19AE40AE2A3343030FDAD3D4 /* Pods-OneLabHomwork1.release.xcconfig */;
			buildSettings = {
				ASSETCATALOG_COMPILER_APPICON_NAME = AppIcon;
				ASSETCATALOG_COMPILER_GLOBAL_ACCENT_COLOR_NAME = AccentColor;
				CODE_SIGN_STYLE = Automatic;
				CURRENT_PROJECT_VERSION = 1;
				DEVELOPMENT_TEAM = CXGC55X5LB;
				GENERATE_INFOPLIST_FILE = YES;
				INFOPLIST_FILE = OneLabHomwork1/Info.plist;
				INFOPLIST_KEY_UIApplicationSupportsIndirectInputEvents = YES;
				INFOPLIST_KEY_UILaunchStoryboardName = LaunchScreen;
				INFOPLIST_KEY_UISupportedInterfaceOrientations_iPad = "UIInterfaceOrientationPortrait UIInterfaceOrientationPortraitUpsideDown UIInterfaceOrientationLandscapeLeft UIInterfaceOrientationLandscapeRight";
				INFOPLIST_KEY_UISupportedInterfaceOrientations_iPhone = "UIInterfaceOrientationPortrait UIInterfaceOrientationLandscapeLeft UIInterfaceOrientationLandscapeRight";
				LD_RUNPATH_SEARCH_PATHS = (
					"$(inherited)",
					"@executable_path/Frameworks",
				);
				MARKETING_VERSION = 1.0;
				PRODUCT_BUNDLE_IDENTIFIER = com.nurgazyshyrynkhan.OneLabHomwork1;
				PRODUCT_NAME = "$(TARGET_NAME)";
				SWIFT_EMIT_LOC_STRINGS = YES;
				SWIFT_VERSION = 5.0;
				TARGETED_DEVICE_FAMILY = "1,2";
			};
			name = Release;
		};
/* End XCBuildConfiguration section */

/* Begin XCConfigurationList section */
		C2C8EB8E29D1DA2A00B854E9 /* Build configuration list for PBXProject "OneLabHomwork1" */ = {
			isa = XCConfigurationList;
			buildConfigurations = (
				C2C8EBA529D1DA2B00B854E9 /* Debug */,
				C2C8EBA629D1DA2B00B854E9 /* Release */,
			);
			defaultConfigurationIsVisible = 0;
			defaultConfigurationName = Release;
		};
		C2C8EBA729D1DA2B00B854E9 /* Build configuration list for PBXNativeTarget "OneLabHomwork1" */ = {
			isa = XCConfigurationList;
			buildConfigurations = (
				C2C8EBA829D1DA2B00B854E9 /* Debug */,
				C2C8EBA929D1DA2B00B854E9 /* Release */,
			);
			defaultConfigurationIsVisible = 0;
			defaultConfigurationName = Release;
		};
/* End XCConfigurationList section */
	};
	rootObject = C2C8EB8B29D1DA2A00B854E9 /* Project object */;
}
